
Microsoft Visual Studio Solution File, Format Version 12.00
# Visual Studio Version 17
VisualStudioVersion = 17.14.36414.22 d17.14
MinimumVisualStudioVersion = 10.0.40219.1
Project("{FAE04EC0-301F-11D3-BF4B-00C04F79EFBC}") = "ScreenSound", "ScreenSound\ScreenSound.csproj", "{9EA29D42-6EB8-4BDC-BB78-4DF9CB4557AD}"
EndProject
Global
	GlobalSection(SolutionConfigurationPlatforms) = preSolution
		Debug|Any CPU = Debug|Any CPU
		Release|Any CPU = Release|Any CPU
	EndGlobalSection
	GlobalSection(ProjectConfigurationPlatforms) = postSolution
		{9EA29D42-6EB8-4BDC-BB78-4DF9CB4557AD}.Debug|Any CPU.ActiveCfg = Debug|Any CPU
		{9EA29D42-6EB8-4BDC-BB78-4DF9CB4557AD}.Debug|Any CPU.Build.0 = Debug|Any CPU
		{9EA29D42-6EB8-4BDC-BB78-4DF9CB4557AD}.Release|Any CPU.ActiveCfg = Release|Any CPU
		{9EA29D42-6EB8-4BDC-BB78-4DF9CB4557AD}.Release|Any CPU.Build.0 = Release|Any CPU
	EndGlobalSection
	GlobalSection(SolutionProperties) = preSolution
		HideSolutionNode = FALSE
	EndGlobalSection
	GlobalSection(ExtensibilityGlobals) = postSolution
		SolutionGuid = {A0FF85E4-CF63-48CE-A991-51D8022D0650}
	EndGlobalSection
EndGlobal
